
Microsoft Visual Studio Solution File, Format Version 12.00
# Visual Studio Version 17
VisualStudioVersion = 17.13.35931.197 d17.13
MinimumVisualStudioVersion = 10.0.40219.1
Project("{F184B08F-C81C-45F6-A57F-5ABD9991F28F}") = "PoliecoSoci", "PoliecoSoci.vbproj", "{09AB9EF2-C9A6-4693-ACB4-B874D756E97A}"
EndProject
Project("{F184B08F-C81C-45F6-A57F-5ABD9991F28F}") = "mdsDbLib", "..\..\..\mdsDbLib\mdsDbLib.vbproj", "{22041A77-3044-4AB3-9E0F-10A559AC3097}"
EndProject
Project("{F184B08F-C81C-45F6-A57F-5ABD9991F28F}") = "mdsUtility", "..\..\..\mdsUtility\mdsUtility.vbproj", "{7192E287-AD5B-409C-8FE0-CA5E908DDBFC}"
EndProject
Project("{F184B08F-C81C-45F6-A57F-5ABD9991F28F}") = "mdsDbSqlServer", "..\..\..\mdsDbLib\mdsDbSqlServer\mdsDbSqlServer.vbproj", "{0E824602-C4C1-4D4A-A272-28A59A4DD49C}"
EndProject
Project("{2150E333-8FDC-42A3-9474-1A3956D46DE8}") = "LibDB", "LibDB", "{287922D9-BE04-4642-80BA-D1666642A98D}"
EndProject
Project("{F184B08F-C81C-45F6-A57F-5ABD9991F28F}") = "mdsConfig", "..\..\..\mdsConfig\mdsConfig.vbproj", "{F6065B8A-EB2B-47EB-BC4C-B004E53D72E4}"
EndProject
Project("{F184B08F-C81C-45F6-A57F-5ABD9991F28F}") = "mdsUIControls", "..\..\..\mdsUIControls\mdsUIControls.vbproj", "{A31D3D2F-D093-4FB4-860E-E27007672F4B}"
EndProject
Project("{F184B08F-C81C-45F6-A57F-5ABD9991F28F}") = "UnitTest", "..\UnitTest\UnitTest.vbproj", "{D50248C8-2CE7-4786-9FA6-A5EFCABFECFA}"
EndProject
Project("{F184B08F-C81C-45F6-A57F-5ABD9991F28F}") = "mdsReport", "..\..\..\mdsReport\mdsReport.vbproj", "{3333A1F9-D0DA-476C-B70D-585A8C97E0D2}"
EndProject
Project("{F184B08F-C81C-45F6-A57F-5ABD9991F28F}") = "ARX_PoliecoPlugin", "..\..\ARX_PoliecoPlugin\ARX_PoliecoPlugin.vbproj", "{26E6E3C9-C556-4501-889C-6D3D65EE0D17}"
EndProject
Project("{F184B08F-C81C-45F6-A57F-5ABD9991F28F}") = "DichiarazioneReader", "..\DichiarazioneReader\DichiarazioneReader.vbproj", "{812F6A9F-4DFF-4CBC-ADFF-1D165C45E7D6}"
EndProject
Project("{F184B08F-C81C-45F6-A57F-5ABD9991F28F}") = "DichiarazioneOnLine", "DichiarazioneOnLine\DichiarazioneOnLine.vbproj", "{BE0D04A0-949E-4CC3-9B56-3057079691DF}"
EndProject
Project("{F184B08F-C81C-45F6-A57F-5ABD9991F28F}") = "TestProject", "..\TestProject\TestProject.vbproj", "{10B0F78E-2580-445A-9CA2-5DB69EABEAA3}"
EndProject
Project("{F184B08F-C81C-45F6-A57F-5ABD9991F28F}") = "ArxivarWCFWrapper", "..\..\..\..\Abletech\v5.3.10\ArxivarWCFWrapper\ArxivarWCFWrapper\ArxivarWCFWrapper.vbproj", "{2A5E63B2-4914-491D-852E-CD8AD113217D}"
EndProject
Project("{F184B08F-C81C-45F6-A57F-5ABD9991F28F}") = "DALDBSpecific", "..\DAL\DatabaseSpecific\DALDBSpecific.vbproj", "{59B72766-702A-4D51-99B5-25BD5AA5312D}"
EndProject
Project("{F184B08F-C81C-45F6-A57F-5ABD9991F28F}") = "DAL", "..\DAL\DatabaseGeneric\DAL.vbproj", "{3264F300-E7BF-4E15-9954-17BCEBE6B232}"
EndProject
Project("{F184B08F-C81C-45F6-A57F-5ABD9991F28F}") = "CallManager", "..\CallManager\CallManager.vbproj", "{B2128934-2D59-4EBA-BA11-0671ABE60C9B}"
EndProject
Project("{F184B08F-C81C-45F6-A57F-5ABD9991F28F}") = "mdsLLBLGenUtility", "..\..\..\mdsLLBLGenUtility_5.11\mdsLLBLGenUtility.vbproj", "{B8BEF4D1-8844-4BF2-B877-D2F16C9AB343}"
EndProject
Global
	GlobalSection(SolutionConfigurationPlatforms) = preSolution
		DataDirect|Any CPU = DataDirect|Any CPU
		DataDirect|x86 = DataDirect|x86
		Debug anagrafica|Any CPU = Debug anagrafica|Any CPU
		Debug anagrafica|x86 = Debug anagrafica|x86
		Debug|Any CPU = Debug|Any CPU
		Debug|x86 = Debug|x86
		Release|Any CPU = Release|Any CPU
		Release|x86 = Release|x86
	EndGlobalSection
	GlobalSection(ProjectConfigurationPlatforms) = postSolution
		{09AB9EF2-C9A6-4693-ACB4-B874D756E97A}.DataDirect|Any CPU.ActiveCfg = Debug|Any CPU
		{09AB9EF2-C9A6-4693-ACB4-B874D756E97A}.DataDirect|Any CPU.Build.0 = Debug|Any CPU
		{09AB9EF2-C9A6-4693-ACB4-B874D756E97A}.DataDirect|x86.ActiveCfg = Debug|Any CPU
		{09AB9EF2-C9A6-4693-ACB4-B874D756E97A}.Debug anagrafica|Any CPU.ActiveCfg = Debug|Any CPU
		{09AB9EF2-C9A6-4693-ACB4-B874D756E97A}.Debug anagrafica|Any CPU.Build.0 = Debug|Any CPU
		{09AB9EF2-C9A6-4693-ACB4-B874D756E97A}.Debug anagrafica|x86.ActiveCfg = Debug|Any CPU
		{09AB9EF2-C9A6-4693-ACB4-B874D756E97A}.Debug|Any CPU.ActiveCfg = Debug|Any CPU
		{09AB9EF2-C9A6-4693-ACB4-B874D756E97A}.Debug|Any CPU.Build.0 = Debug|Any CPU
		{09AB9EF2-C9A6-4693-ACB4-B874D756E97A}.Debug|x86.ActiveCfg = Debug|Any CPU
		{09AB9EF2-C9A6-4693-ACB4-B874D756E97A}.Debug|x86.Build.0 = Debug|Any CPU
		{09AB9EF2-C9A6-4693-ACB4-B874D756E97A}.Release|Any CPU.ActiveCfg = Release|Any CPU
		{09AB9EF2-C9A6-4693-ACB4-B874D756E97A}.Release|Any CPU.Build.0 = Release|Any CPU
		{09AB9EF2-C9A6-4693-ACB4-B874D756E97A}.Release|x86.ActiveCfg = Release|Any CPU
		{22041A77-3044-4AB3-9E0F-10A559AC3097}.DataDirect|Any CPU.ActiveCfg = Debug|Any CPU
		{22041A77-3044-4AB3-9E0F-10A559AC3097}.DataDirect|Any CPU.Build.0 = Debug|Any CPU
		{22041A77-3044-4AB3-9E0F-10A559AC3097}.DataDirect|x86.ActiveCfg = Debug|Any CPU
		{22041A77-3044-4AB3-9E0F-10A559AC3097}.Debug anagrafica|Any CPU.ActiveCfg = Debug|Any CPU
		{22041A77-3044-4AB3-9E0F-10A559AC3097}.Debug anagrafica|Any CPU.Build.0 = Debug|Any CPU
		{22041A77-3044-4AB3-9E0F-10A559AC3097}.Debug anagrafica|x86.ActiveCfg = Debug|Any CPU
		{22041A77-3044-4AB3-9E0F-10A559AC3097}.Debug|Any CPU.ActiveCfg = Debug|Any CPU
		{22041A77-3044-4AB3-9E0F-10A559AC3097}.Debug|Any CPU.Build.0 = Debug|Any CPU
		{22041A77-3044-4AB3-9E0F-10A559AC3097}.Debug|x86.ActiveCfg = Debug|Any CPU
		{22041A77-3044-4AB3-9E0F-10A559AC3097}.Debug|x86.Build.0 = Debug|Any CPU
		{22041A77-3044-4AB3-9E0F-10A559AC3097}.Release|Any CPU.ActiveCfg = Release|Any CPU
		{22041A77-3044-4AB3-9E0F-10A559AC3097}.Release|Any CPU.Build.0 = Release|Any CPU
		{22041A77-3044-4AB3-9E0F-10A559AC3097}.Release|x86.ActiveCfg = Release|Any CPU
		{7192E287-AD5B-409C-8FE0-CA5E908DDBFC}.DataDirect|Any CPU.ActiveCfg = Debug|Any CPU
		{7192E287-AD5B-409C-8FE0-CA5E908DDBFC}.DataDirect|Any CPU.Build.0 = Debug|Any CPU
		{7192E287-AD5B-409C-8FE0-CA5E908DDBFC}.DataDirect|x86.ActiveCfg = Debug|Any CPU
		{7192E287-AD5B-409C-8FE0-CA5E908DDBFC}.Debug anagrafica|Any CPU.ActiveCfg = Debug|Any CPU
		{7192E287-AD5B-409C-8FE0-CA5E908DDBFC}.Debug anagrafica|Any CPU.Build.0 = Debug|Any CPU
		{7192E287-AD5B-409C-8FE0-CA5E908DDBFC}.Debug anagrafica|x86.ActiveCfg = Debug|Any CPU
		{7192E287-AD5B-409C-8FE0-CA5E908DDBFC}.Debug|Any CPU.ActiveCfg = Debug|Any CPU
		{7192E287-AD5B-409C-8FE0-CA5E908DDBFC}.Debug|Any CPU.Build.0 = Debug|Any CPU
		{7192E287-AD5B-409C-8FE0-CA5E908DDBFC}.Debug|x86.ActiveCfg = Debug|Any CPU
		{7192E287-AD5B-409C-8FE0-CA5E908DDBFC}.Debug|x86.Build.0 = Debug|Any CPU
		{7192E287-AD5B-409C-8FE0-CA5E908DDBFC}.Release|Any CPU.ActiveCfg = Release|Any CPU
		{7192E287-AD5B-409C-8FE0-CA5E908DDBFC}.Release|Any CPU.Build.0 = Release|Any CPU
		{7192E287-AD5B-409C-8FE0-CA5E908DDBFC}.Release|x86.ActiveCfg = Release|Any CPU
		{0E824602-C4C1-4D4A-A272-28A59A4DD49C}.DataDirect|Any CPU.ActiveCfg = Debug|Any CPU
		{0E824602-C4C1-4D4A-A272-28A59A4DD49C}.DataDirect|Any CPU.Build.0 = Debug|Any CPU
		{0E824602-C4C1-4D4A-A272-28A59A4DD49C}.DataDirect|x86.ActiveCfg = Debug|Any CPU
		{0E824602-C4C1-4D4A-A272-28A59A4DD49C}.Debug anagrafica|Any CPU.ActiveCfg = Debug|Any CPU
		{0E824602-C4C1-4D4A-A272-28A59A4DD49C}.Debug anagrafica|Any CPU.Build.0 = Debug|Any CPU
		{0E824602-C4C1-4D4A-A272-28A59A4DD49C}.Debug anagrafica|x86.ActiveCfg = Debug|Any CPU
		{0E824602-C4C1-4D4A-A272-28A59A4DD49C}.Debug|Any CPU.ActiveCfg = Debug|Any CPU
		{0E824602-C4C1-4D4A-A272-28A59A4DD49C}.Debug|Any CPU.Build.0 = Debug|Any CPU
		{0E824602-C4C1-4D4A-A272-28A59A4DD49C}.Debug|x86.ActiveCfg = Debug|Any CPU
		{0E824602-C4C1-4D4A-A272-28A59A4DD49C}.Debug|x86.Build.0 = Debug|Any CPU
		{0E824602-C4C1-4D4A-A272-28A59A4DD49C}.Release|Any CPU.ActiveCfg = Release|Any CPU
		{0E824602-C4C1-4D4A-A272-28A59A4DD49C}.Release|Any CPU.Build.0 = Release|Any CPU
		{0E824602-C4C1-4D4A-A272-28A59A4DD49C}.Release|x86.ActiveCfg = Release|Any CPU
		{F6065B8A-EB2B-47EB-BC4C-B004E53D72E4}.DataDirect|Any CPU.ActiveCfg = Debug|Any CPU
		{F6065B8A-EB2B-47EB-BC4C-B004E53D72E4}.DataDirect|Any CPU.Build.0 = Debug|Any CPU
		{F6065B8A-EB2B-47EB-BC4C-B004E53D72E4}.DataDirect|x86.ActiveCfg = Debug|x86
		{F6065B8A-EB2B-47EB-BC4C-B004E53D72E4}.DataDirect|x86.Build.0 = Debug|x86
		{F6065B8A-EB2B-47EB-BC4C-B004E53D72E4}.Debug anagrafica|Any CPU.ActiveCfg = Debug anagrafica|Any CPU
		{F6065B8A-EB2B-47EB-BC4C-B004E53D72E4}.Debug anagrafica|Any CPU.Build.0 = Debug anagrafica|Any CPU
		{F6065B8A-EB2B-47EB-BC4C-B004E53D72E4}.Debug anagrafica|x86.ActiveCfg = Debug anagrafica|x86
		{F6065B8A-EB2B-47EB-BC4C-B004E53D72E4}.Debug anagrafica|x86.Build.0 = Debug anagrafica|x86
		{F6065B8A-EB2B-47EB-BC4C-B004E53D72E4}.Debug|Any CPU.ActiveCfg = Debug|Any CPU
		{F6065B8A-EB2B-47EB-BC4C-B004E53D72E4}.Debug|Any CPU.Build.0 = Debug|Any CPU
		{F6065B8A-EB2B-47EB-BC4C-B004E53D72E4}.Debug|x86.ActiveCfg = Debug|x86
		{F6065B8A-EB2B-47EB-BC4C-B004E53D72E4}.Debug|x86.Build.0 = Debug|x86
		{F6065B8A-EB2B-47EB-BC4C-B004E53D72E4}.Release|Any CPU.ActiveCfg = Release|Any CPU
		{F6065B8A-EB2B-47EB-BC4C-B004E53D72E4}.Release|Any CPU.Build.0 = Release|Any CPU
		{F6065B8A-EB2B-47EB-BC4C-B004E53D72E4}.Release|x86.ActiveCfg = Release|x86
		{F6065B8A-EB2B-47EB-BC4C-B004E53D72E4}.Release|x86.Build.0 = Release|x86
		{A31D3D2F-D093-4FB4-860E-E27007672F4B}.DataDirect|Any CPU.ActiveCfg = Debug|Any CPU
		{A31D3D2F-D093-4FB4-860E-E27007672F4B}.DataDirect|Any CPU.Build.0 = Debug|Any CPU
		{A31D3D2F-D093-4FB4-860E-E27007672F4B}.DataDirect|x86.ActiveCfg = Debug|x86
		{A31D3D2F-D093-4FB4-860E-E27007672F4B}.DataDirect|x86.Build.0 = Debug|x86
		{A31D3D2F-D093-4FB4-860E-E27007672F4B}.Debug anagrafica|Any CPU.ActiveCfg = Debug anagrafica|Any CPU
		{A31D3D2F-D093-4FB4-860E-E27007672F4B}.Debug anagrafica|Any CPU.Build.0 = Debug anagrafica|Any CPU
		{A31D3D2F-D093-4FB4-860E-E27007672F4B}.Debug anagrafica|x86.ActiveCfg = Debug anagrafica|x86
		{A31D3D2F-D093-4FB4-860E-E27007672F4B}.Debug anagrafica|x86.Build.0 = Debug anagrafica|x86
		{A31D3D2F-D093-4FB4-860E-E27007672F4B}.Debug|Any CPU.ActiveCfg = Debug|Any CPU
		{A31D3D2F-D093-4FB4-860E-E27007672F4B}.Debug|Any CPU.Build.0 = Debug|Any CPU
		{A31D3D2F-D093-4FB4-860E-E27007672F4B}.Debug|x86.ActiveCfg = Debug|x86
		{A31D3D2F-D093-4FB4-860E-E27007672F4B}.Debug|x86.Build.0 = Debug|x86
		{A31D3D2F-D093-4FB4-860E-E27007672F4B}.Release|Any CPU.ActiveCfg = Release|Any CPU
		{A31D3D2F-D093-4FB4-860E-E27007672F4B}.Release|Any CPU.Build.0 = Release|Any CPU
		{A31D3D2F-D093-4FB4-860E-E27007672F4B}.Release|x86.ActiveCfg = Release|x86
		{A31D3D2F-D093-4FB4-860E-E27007672F4B}.Release|x86.Build.0 = Release|x86
		{D50248C8-2CE7-4786-9FA6-A5EFCABFECFA}.DataDirect|Any CPU.ActiveCfg = Debug|Any CPU
		{D50248C8-2CE7-4786-9FA6-A5EFCABFECFA}.DataDirect|Any CPU.Build.0 = Debug|Any CPU
		{D50248C8-2CE7-4786-9FA6-A5EFCABFECFA}.DataDirect|x86.ActiveCfg = Debug|Any CPU
		{D50248C8-2CE7-4786-9FA6-A5EFCABFECFA}.Debug anagrafica|Any CPU.ActiveCfg = Debug|Any CPU
		{D50248C8-2CE7-4786-9FA6-A5EFCABFECFA}.Debug anagrafica|Any CPU.Build.0 = Debug|Any CPU
		{D50248C8-2CE7-4786-9FA6-A5EFCABFECFA}.Debug anagrafica|x86.ActiveCfg = Debug|Any CPU
		{D50248C8-2CE7-4786-9FA6-A5EFCABFECFA}.Debug|Any CPU.ActiveCfg = Debug|Any CPU
		{D50248C8-2CE7-4786-9FA6-A5EFCABFECFA}.Debug|Any CPU.Build.0 = Debug|Any CPU
		{D50248C8-2CE7-4786-9FA6-A5EFCABFECFA}.Debug|x86.ActiveCfg = Debug|Any CPU
		{D50248C8-2CE7-4786-9FA6-A5EFCABFECFA}.Debug|x86.Build.0 = Debug|Any CPU
		{D50248C8-2CE7-4786-9FA6-A5EFCABFECFA}.Release|Any CPU.ActiveCfg = Release|Any CPU
		{D50248C8-2CE7-4786-9FA6-A5EFCABFECFA}.Release|Any CPU.Build.0 = Release|Any CPU
		{D50248C8-2CE7-4786-9FA6-A5EFCABFECFA}.Release|x86.ActiveCfg = Release|Any CPU
		{3333A1F9-D0DA-476C-B70D-585A8C97E0D2}.DataDirect|Any CPU.ActiveCfg = Debug anagrafica|Any CPU
		{3333A1F9-D0DA-476C-B70D-585A8C97E0D2}.DataDirect|Any CPU.Build.0 = Debug anagrafica|Any CPU
		{3333A1F9-D0DA-476C-B70D-585A8C97E0D2}.DataDirect|x86.ActiveCfg = Debug anagrafica|x86
		{3333A1F9-D0DA-476C-B70D-585A8C97E0D2}.DataDirect|x86.Build.0 = Debug anagrafica|x86
		{3333A1F9-D0DA-476C-B70D-585A8C97E0D2}.Debug anagrafica|Any CPU.ActiveCfg = Debug anagrafica|Any CPU
		{3333A1F9-D0DA-476C-B70D-585A8C97E0D2}.Debug anagrafica|Any CPU.Build.0 = Debug anagrafica|Any CPU
		{3333A1F9-D0DA-476C-B70D-585A8C97E0D2}.Debug anagrafica|x86.ActiveCfg = Debug anagrafica|x86
		{3333A1F9-D0DA-476C-B70D-585A8C97E0D2}.Debug anagrafica|x86.Build.0 = Debug anagrafica|x86
		{3333A1F9-D0DA-476C-B70D-585A8C97E0D2}.Debug|Any CPU.ActiveCfg = Debug|Any CPU
		{3333A1F9-D0DA-476C-B70D-585A8C97E0D2}.Debug|Any CPU.Build.0 = Debug|Any CPU
		{3333A1F9-D0DA-476C-B70D-585A8C97E0D2}.Debug|x86.ActiveCfg = Debug|x86
		{3333A1F9-D0DA-476C-B70D-585A8C97E0D2}.Debug|x86.Build.0 = Debug|x86
		{3333A1F9-D0DA-476C-B70D-585A8C97E0D2}.Release|Any CPU.ActiveCfg = Release|Any CPU
		{3333A1F9-D0DA-476C-B70D-585A8C97E0D2}.Release|Any CPU.Build.0 = Release|Any CPU
		{3333A1F9-D0DA-476C-B70D-585A8C97E0D2}.Release|x86.ActiveCfg = Release|x86
		{3333A1F9-D0DA-476C-B70D-585A8C97E0D2}.Release|x86.Build.0 = Release|x86
		{26E6E3C9-C556-4501-889C-6D3D65EE0D17}.DataDirect|Any CPU.ActiveCfg = Debug|Any CPU
		{26E6E3C9-C556-4501-889C-6D3D65EE0D17}.DataDirect|Any CPU.Build.0 = Debug|Any CPU
		{26E6E3C9-C556-4501-889C-6D3D65EE0D17}.DataDirect|x86.ActiveCfg = Debug|Any CPU
		{26E6E3C9-C556-4501-889C-6D3D65EE0D17}.Debug anagrafica|Any CPU.ActiveCfg = Debug|Any CPU
		{26E6E3C9-C556-4501-889C-6D3D65EE0D17}.Debug anagrafica|Any CPU.Build.0 = Debug|Any CPU
		{26E6E3C9-C556-4501-889C-6D3D65EE0D17}.Debug anagrafica|x86.ActiveCfg = Debug|Any CPU
		{26E6E3C9-C556-4501-889C-6D3D65EE0D17}.Debug|Any CPU.ActiveCfg = Debug|Any CPU
		{26E6E3C9-C556-4501-889C-6D3D65EE0D17}.Debug|Any CPU.Build.0 = Debug|Any CPU
		{26E6E3C9-C556-4501-889C-6D3D65EE0D17}.Debug|x86.ActiveCfg = Debug|Any CPU
		{26E6E3C9-C556-4501-889C-6D3D65EE0D17}.Release|Any CPU.ActiveCfg = Release|Any CPU
		{26E6E3C9-C556-4501-889C-6D3D65EE0D17}.Release|Any CPU.Build.0 = Release|Any CPU
		{26E6E3C9-C556-4501-889C-6D3D65EE0D17}.Release|x86.ActiveCfg = Release|Any CPU
		{812F6A9F-4DFF-4CBC-ADFF-1D165C45E7D6}.DataDirect|Any CPU.ActiveCfg = Debug|Any CPU
		{812F6A9F-4DFF-4CBC-ADFF-1D165C45E7D6}.DataDirect|Any CPU.Build.0 = Debug|Any CPU
		{812F6A9F-4DFF-4CBC-ADFF-1D165C45E7D6}.DataDirect|x86.ActiveCfg = Debug|Any CPU
		{812F6A9F-4DFF-4CBC-ADFF-1D165C45E7D6}.Debug anagrafica|Any CPU.ActiveCfg = Debug|Any CPU
		{812F6A9F-4DFF-4CBC-ADFF-1D165C45E7D6}.Debug anagrafica|Any CPU.Build.0 = Debug|Any CPU
		{812F6A9F-4DFF-4CBC-ADFF-1D165C45E7D6}.Debug anagrafica|x86.ActiveCfg = Debug|Any CPU
		{812F6A9F-4DFF-4CBC-ADFF-1D165C45E7D6}.Debug|Any CPU.ActiveCfg = Debug|Any CPU
		{812F6A9F-4DFF-4CBC-ADFF-1D165C45E7D6}.Debug|Any CPU.Build.0 = Debug|Any CPU
		{812F6A9F-4DFF-4CBC-ADFF-1D165C45E7D6}.Debug|x86.ActiveCfg = Debug|Any CPU
		{812F6A9F-4DFF-4CBC-ADFF-1D165C45E7D6}.Debug|x86.Build.0 = Debug|Any CPU
		{812F6A9F-4DFF-4CBC-ADFF-1D165C45E7D6}.Release|Any CPU.ActiveCfg = Release|Any CPU
		{812F6A9F-4DFF-4CBC-ADFF-1D165C45E7D6}.Release|Any CPU.Build.0 = Release|Any CPU
		{812F6A9F-4DFF-4CBC-ADFF-1D165C45E7D6}.Release|x86.ActiveCfg = Release|Any CPU
		{BE0D04A0-949E-4CC3-9B56-3057079691DF}.DataDirect|Any CPU.ActiveCfg = Debug|Any CPU
		{BE0D04A0-949E-4CC3-9B56-3057079691DF}.DataDirect|Any CPU.Build.0 = Debug|Any CPU
		{BE0D04A0-949E-4CC3-9B56-3057079691DF}.DataDirect|x86.ActiveCfg = Debug|Any CPU
		{BE0D04A0-949E-4CC3-9B56-3057079691DF}.Debug anagrafica|Any CPU.ActiveCfg = Debug|Any CPU
		{BE0D04A0-949E-4CC3-9B56-3057079691DF}.Debug anagrafica|Any CPU.Build.0 = Debug|Any CPU
		{BE0D04A0-949E-4CC3-9B56-3057079691DF}.Debug anagrafica|x86.ActiveCfg = Debug|Any CPU
		{BE0D04A0-949E-4CC3-9B56-3057079691DF}.Debug|Any CPU.ActiveCfg = Debug|Any CPU
		{BE0D04A0-949E-4CC3-9B56-3057079691DF}.Debug|Any CPU.Build.0 = Debug|Any CPU
		{BE0D04A0-949E-4CC3-9B56-3057079691DF}.Debug|x86.ActiveCfg = Debug|Any CPU
		{BE0D04A0-949E-4CC3-9B56-3057079691DF}.Debug|x86.Build.0 = Debug|Any CPU
		{BE0D04A0-949E-4CC3-9B56-3057079691DF}.Release|Any CPU.ActiveCfg = Release|Any CPU
		{BE0D04A0-949E-4CC3-9B56-3057079691DF}.Release|Any CPU.Build.0 = Release|Any CPU
		{BE0D04A0-949E-4CC3-9B56-3057079691DF}.Release|x86.ActiveCfg = Release|Any CPU
		{10B0F78E-2580-445A-9CA2-5DB69EABEAA3}.DataDirect|Any CPU.ActiveCfg = Debug|Any CPU
		{10B0F78E-2580-445A-9CA2-5DB69EABEAA3}.DataDirect|Any CPU.Build.0 = Debug|Any CPU
		{10B0F78E-2580-445A-9CA2-5DB69EABEAA3}.DataDirect|x86.ActiveCfg = Debug|Any CPU
		{10B0F78E-2580-445A-9CA2-5DB69EABEAA3}.Debug anagrafica|Any CPU.ActiveCfg = Debug|Any CPU
		{10B0F78E-2580-445A-9CA2-5DB69EABEAA3}.Debug anagrafica|Any CPU.Build.0 = Debug|Any CPU
		{10B0F78E-2580-445A-9CA2-5DB69EABEAA3}.Debug anagrafica|x86.ActiveCfg = Debug|Any CPU
		{10B0F78E-2580-445A-9CA2-5DB69EABEAA3}.Debug|Any CPU.ActiveCfg = Debug|Any CPU
		{10B0F78E-2580-445A-9CA2-5DB69EABEAA3}.Debug|Any CPU.Build.0 = Debug|Any CPU
		{10B0F78E-2580-445A-9CA2-5DB69EABEAA3}.Debug|x86.ActiveCfg = Debug|Any CPU
		{10B0F78E-2580-445A-9CA2-5DB69EABEAA3}.Debug|x86.Build.0 = Debug|Any CPU
		{10B0F78E-2580-445A-9CA2-5DB69EABEAA3}.Release|Any CPU.ActiveCfg = Release|Any CPU
		{10B0F78E-2580-445A-9CA2-5DB69EABEAA3}.Release|Any CPU.Build.0 = Release|Any CPU
		{10B0F78E-2580-445A-9CA2-5DB69EABEAA3}.Release|x86.ActiveCfg = Release|Any CPU
		{2A5E63B2-4914-491D-852E-CD8AD113217D}.DataDirect|Any CPU.ActiveCfg = Debug|Any CPU
		{2A5E63B2-4914-491D-852E-CD8AD113217D}.DataDirect|Any CPU.Build.0 = Debug|Any CPU
		{2A5E63B2-4914-491D-852E-CD8AD113217D}.DataDirect|x86.ActiveCfg = Debug|x86
		{2A5E63B2-4914-491D-852E-CD8AD113217D}.DataDirect|x86.Build.0 = Debug|x86
		{2A5E63B2-4914-491D-852E-CD8AD113217D}.Debug anagrafica|Any CPU.ActiveCfg = Debug|Any CPU
		{2A5E63B2-4914-491D-852E-CD8AD113217D}.Debug anagrafica|Any CPU.Build.0 = Debug|Any CPU
		{2A5E63B2-4914-491D-852E-CD8AD113217D}.Debug anagrafica|x86.ActiveCfg = Debug|x86
		{2A5E63B2-4914-491D-852E-CD8AD113217D}.Debug anagrafica|x86.Build.0 = Debug|x86
		{2A5E63B2-4914-491D-852E-CD8AD113217D}.Debug|Any CPU.ActiveCfg = Debug|Any CPU
		{2A5E63B2-4914-491D-852E-CD8AD113217D}.Debug|Any CPU.Build.0 = Debug|Any CPU
		{2A5E63B2-4914-491D-852E-CD8AD113217D}.Debug|x86.ActiveCfg = Debug|x86
		{2A5E63B2-4914-491D-852E-CD8AD113217D}.Debug|x86.Build.0 = Debug|x86
		{2A5E63B2-4914-491D-852E-CD8AD113217D}.Release|Any CPU.ActiveCfg = Release|Any CPU
		{2A5E63B2-4914-491D-852E-CD8AD113217D}.Release|Any CPU.Build.0 = Release|Any CPU
		{2A5E63B2-4914-491D-852E-CD8AD113217D}.Release|x86.ActiveCfg = Release|x86
		{2A5E63B2-4914-491D-852E-CD8AD113217D}.Release|x86.Build.0 = Release|x86
		{59B72766-702A-4D51-99B5-25BD5AA5312D}.DataDirect|Any CPU.ActiveCfg = Debug|Any CPU
		{59B72766-702A-4D51-99B5-25BD5AA5312D}.DataDirect|Any CPU.Build.0 = Debug|Any CPU
		{59B72766-702A-4D51-99B5-25BD5AA5312D}.DataDirect|x86.ActiveCfg = Debug|Any CPU
		{59B72766-702A-4D51-99B5-25BD5AA5312D}.DataDirect|x86.Build.0 = Debug|Any CPU
		{59B72766-702A-4D51-99B5-25BD5AA5312D}.Debug anagrafica|Any CPU.ActiveCfg = Debug|Any CPU
		{59B72766-702A-4D51-99B5-25BD5AA5312D}.Debug anagrafica|Any CPU.Build.0 = Debug|Any CPU
		{59B72766-702A-4D51-99B5-25BD5AA5312D}.Debug anagrafica|x86.ActiveCfg = Debug|Any CPU
		{59B72766-702A-4D51-99B5-25BD5AA5312D}.Debug anagrafica|x86.Build.0 = Debug|Any CPU
		{59B72766-702A-4D51-99B5-25BD5AA5312D}.Debug|Any CPU.ActiveCfg = Debug|Any CPU
		{59B72766-702A-4D51-99B5-25BD5AA5312D}.Debug|Any CPU.Build.0 = Debug|Any CPU
		{59B72766-702A-4D51-99B5-25BD5AA5312D}.Debug|x86.ActiveCfg = Debug|Any CPU
		{59B72766-702A-4D51-99B5-25BD5AA5312D}.Debug|x86.Build.0 = Debug|Any CPU
		{59B72766-702A-4D51-99B5-25BD5AA5312D}.Release|Any CPU.ActiveCfg = Release|Any CPU
		{59B72766-702A-4D51-99B5-25BD5AA5312D}.Release|Any CPU.Build.0 = Release|Any CPU
		{59B72766-702A-4D51-99B5-25BD5AA5312D}.Release|x86.ActiveCfg = Release|Any CPU
		{59B72766-702A-4D51-99B5-25BD5AA5312D}.Release|x86.Build.0 = Release|Any CPU
		{3264F300-E7BF-4E15-9954-17BCEBE6B232}.DataDirect|Any CPU.ActiveCfg = Debug|Any CPU
		{3264F300-E7BF-4E15-9954-17BCEBE6B232}.DataDirect|Any CPU.Build.0 = Debug|Any CPU
		{3264F300-E7BF-4E15-9954-17BCEBE6B232}.DataDirect|x86.ActiveCfg = Debug|Any CPU
		{3264F300-E7BF-4E15-9954-17BCEBE6B232}.DataDirect|x86.Build.0 = Debug|Any CPU
		{3264F300-E7BF-4E15-9954-17BCEBE6B232}.Debug anagrafica|Any CPU.ActiveCfg = Debug|Any CPU
		{3264F300-E7BF-4E15-9954-17BCEBE6B232}.Debug anagrafica|Any CPU.Build.0 = Debug|Any CPU
		{3264F300-E7BF-4E15-9954-17BCEBE6B232}.Debug anagrafica|x86.ActiveCfg = Debug|Any CPU
		{3264F300-E7BF-4E15-9954-17BCEBE6B232}.Debug anagrafica|x86.Build.0 = Debug|Any CPU
		{3264F300-E7BF-4E15-9954-17BCEBE6B232}.Debug|Any CPU.ActiveCfg = Debug|Any CPU
		{3264F300-E7BF-4E15-9954-17BCEBE6B232}.Debug|Any CPU.Build.0 = Debug|Any CPU
		{3264F300-E7BF-4E15-9954-17BCEBE6B232}.Debug|x86.ActiveCfg = Debug|Any CPU
		{3264F300-E7BF-4E15-9954-17BCEBE6B232}.Debug|x86.Build.0 = Debug|Any CPU
		{3264F300-E7BF-4E15-9954-17BCEBE6B232}.Release|Any CPU.ActiveCfg = Release|Any CPU
		{3264F300-E7BF-4E15-9954-17BCEBE6B232}.Release|Any CPU.Build.0 = Release|Any CPU
		{3264F300-E7BF-4E15-9954-17BCEBE6B232}.Release|x86.ActiveCfg = Release|Any CPU
		{3264F300-E7BF-4E15-9954-17BCEBE6B232}.Release|x86.Build.0 = Release|Any CPU
		{B2128934-2D59-4EBA-BA11-0671ABE60C9B}.DataDirect|Any CPU.ActiveCfg = Debug|Any CPU
		{B2128934-2D59-4EBA-BA11-0671ABE60C9B}.DataDirect|Any CPU.Build.0 = Debug|Any CPU
		{B2128934-2D59-4EBA-BA11-0671ABE60C9B}.DataDirect|x86.ActiveCfg = Debug|Any CPU
		{B2128934-2D59-4EBA-BA11-0671ABE60C9B}.DataDirect|x86.Build.0 = Debug|Any CPU
		{B2128934-2D59-4EBA-BA11-0671ABE60C9B}.Debug anagrafica|Any CPU.ActiveCfg = Debug|Any CPU
		{B2128934-2D59-4EBA-BA11-0671ABE60C9B}.Debug anagrafica|Any CPU.Build.0 = Debug|Any CPU
		{B2128934-2D59-4EBA-BA11-0671ABE60C9B}.Debug anagrafica|x86.ActiveCfg = Debug|Any CPU
		{B2128934-2D59-4EBA-BA11-0671ABE60C9B}.Debug anagrafica|x86.Build.0 = Debug|Any CPU
		{B2128934-2D59-4EBA-BA11-0671ABE60C9B}.Debug|Any CPU.ActiveCfg = Debug|Any CPU
		{B2128934-2D59-4EBA-BA11-0671ABE60C9B}.Debug|Any CPU.Build.0 = Debug|Any CPU
		{B2128934-2D59-4EBA-BA11-0671ABE60C9B}.Debug|x86.ActiveCfg = Debug|Any CPU
		{B2128934-2D59-4EBA-BA11-0671ABE60C9B}.Debug|x86.Build.0 = Debug|Any CPU
		{B2128934-2D59-4EBA-BA11-0671ABE60C9B}.Release|Any CPU.ActiveCfg = Release|Any CPU
		{B2128934-2D59-4EBA-BA11-0671ABE60C9B}.Release|Any CPU.Build.0 = Release|Any CPU
		{B2128934-2D59-4EBA-BA11-0671ABE60C9B}.Release|x86.ActiveCfg = Release|Any CPU
		{B2128934-2D59-4EBA-BA11-0671ABE60C9B}.Release|x86.Build.0 = Release|Any CPU
		{B8BEF4D1-8844-4BF2-B877-D2F16C9AB343}.DataDirect|Any CPU.ActiveCfg = Release|Any CPU
		{B8BEF4D1-8844-4BF2-B877-D2F16C9AB343}.DataDirect|Any CPU.Build.0 = Release|Any CPU
		{B8BEF4D1-8844-4BF2-B877-D2F16C9AB343}.DataDirect|x86.ActiveCfg = Release|x86
		{B8BEF4D1-8844-4BF2-B877-D2F16C9AB343}.DataDirect|x86.Build.0 = Release|x86
		{B8BEF4D1-8844-4BF2-B877-D2F16C9AB343}.Debug anagrafica|Any CPU.ActiveCfg = Debug anagrafica|Any CPU
		{B8BEF4D1-8844-4BF2-B877-D2F16C9AB343}.Debug anagrafica|Any CPU.Build.0 = Debug anagrafica|Any CPU
		{B8BEF4D1-8844-4BF2-B877-D2F16C9AB343}.Debug anagrafica|x86.ActiveCfg = Debug anagrafica|x86
		{B8BEF4D1-8844-4BF2-B877-D2F16C9AB343}.Debug anagrafica|x86.Build.0 = Debug anagrafica|x86
		{B8BEF4D1-8844-4BF2-B877-D2F16C9AB343}.Debug|Any CPU.ActiveCfg = Debug|Any CPU
		{B8BEF4D1-8844-4BF2-B877-D2F16C9AB343}.Debug|Any CPU.Build.0 = Debug|Any CPU
		{B8BEF4D1-8844-4BF2-B877-D2F16C9AB343}.Debug|x86.ActiveCfg = Debug|x86
		{B8BEF4D1-8844-4BF2-B877-D2F16C9AB343}.Debug|x86.Build.0 = Debug|x86
		{B8BEF4D1-8844-4BF2-B877-D2F16C9AB343}.Release|Any CPU.ActiveCfg = Release|Any CPU
		{B8BEF4D1-8844-4BF2-B877-D2F16C9AB343}.Release|Any CPU.Build.0 = Release|Any CPU
		{B8BEF4D1-8844-4BF2-B877-D2F16C9AB343}.Release|x86.ActiveCfg = Release|x86
		{B8BEF4D1-8844-4BF2-B877-D2F16C9AB343}.Release|x86.Build.0 = Release|x86
	EndGlobalSection
	GlobalSection(SolutionProperties) = preSolution
		HideSolutionNode = FALSE
	EndGlobalSection
	GlobalSection(NestedProjects) = preSolution
		{22041A77-3044-4AB3-9E0F-10A559AC3097} = {287922D9-BE04-4642-80BA-D1666642A98D}
		{0E824602-C4C1-4D4A-A272-28A59A4DD49C} = {287922D9-BE04-4642-80BA-D1666642A98D}
	EndGlobalSection
	GlobalSection(ExtensibilityGlobals) = postSolution
		SolutionGuid = {373B19B9-E30A-484E-847C-10721DB19882}
	EndGlobalSection
EndGlobal
